schema: '2.0'
stages:
  preprocess:
    cmd: python src/data_preprocessing.py
    deps:
    - path: data/raw/Fraud_data.csv
      hash: md5
      md5: bf689f17386a40dd4be900e76db7daef
      size: 266962
    - path: params.yaml
      hash: md5
      md5: 12f53a82255ca3caf25c6da2af73104c
      size: 1013
    - path: src/data_preprocessing.py
      hash: md5
      md5: 39c6d19fd5bc9e837458a6a745847a90
      size: 2681
    outs:
    - path: data/processed/fraud_data_processed.csv
      hash: md5
      md5: 168bc66e10108690c75d3ba8ea4a9992
      size: 575703
  train_rf:
    cmd: python src/train_rf.py
    deps:
    - path: data/processed/Fraud_data_processed.csv
      hash: md5
      md5: 168bc66e10108690c75d3ba8ea4a9992
      size: 575703
    - path: params.yaml
      hash: md5
      md5: 12f53a82255ca3caf25c6da2af73104c
      size: 1013
    - path: src/mlflow_tracking.py
      hash: md5
      md5: a2e57166454f332f2bf7d00ac87b00f6
      size: 1023
    - path: src/train_rf.py
      hash: md5
      md5: bfd42922a8601f517f8bbd8d2a3432ba
      size: 3555
    outs:
    - path: models/rf_model.pkl
      hash: md5
      md5: db4aa0c494c41e9f4ae850ac1f437cdf
      size: 2173450
  evaluate_rf:
    cmd: python src/evaluate_rf.py
    deps:
    - path: data/processed/fraud_data_processed.csv
      hash: md5
      md5: 168bc66e10108690c75d3ba8ea4a9992
      size: 575703
    - path: models/rf_model.pkl
      hash: md5
      md5: db4aa0c494c41e9f4ae850ac1f437cdf
      size: 2173450
    - path: src/evaluate_rf.py
      hash: md5
      md5: f8c088de657cc6fc03af406c4aa0481a
      size: 3466
    outs:
    - path: metrics/rf_metrics.json
      hash: md5
      md5: 76a7b917c4aaaff9339536113e062f2e
      size: 474
  train_dl:
    cmd: python src/train_dl.py
    deps:
    - path: data/processed/fraud_data_processed.csv
      hash: md5
      md5: 168bc66e10108690c75d3ba8ea4a9992
      size: 575703
    - path: params.yaml
      hash: md5
      md5: 12f53a82255ca3caf25c6da2af73104c
      size: 1013
    - path: src/mlflow_tracking.py
      hash: md5
      md5: a2e57166454f332f2bf7d00ac87b00f6
      size: 1023
    - path: src/train_dl.py
      hash: md5
      md5: 8cd31095f1c43463f0cb4fc513874c95
      size: 2768
    outs:
    - path: models/dl_model.pkl
      hash: md5
      md5: 2b4d129ea4bc4cf2ba72a83de1d496c5
      size: 172252
  evaluate_dl:
    cmd: python src/evaluate_dl.py
    deps:
    - path: data/processed/fraud_data_processed.csv
      hash: md5
      md5: 168bc66e10108690c75d3ba8ea4a9992
      size: 575703
    - path: models/dl_model.pkl
      hash: md5
      md5: 2b4d129ea4bc4cf2ba72a83de1d496c5
      size: 172252
    - path: src/evaluate_dl.py
      hash: md5
      md5: bf2de8834d42281ca10ffd4e0b794e59
      size: 4280
    outs:
    - path: metrics/dl_evaluation_report.json
      hash: md5
      md5: ca8f5a83eb09d4b6146c9051ff86ec4a
      size: 167
  train_pytorch:
    cmd: python src/train_pytorch.py
    deps:
    - path: data/processed/fraud_data_processed.csv
      hash: md5
      md5: 168bc66e10108690c75d3ba8ea4a9992
      size: 575703
    - path: params.yaml
      hash: md5
      md5: 12f53a82255ca3caf25c6da2af73104c
      size: 1013
    - path: src/mlflow_tracking.py
      hash: md5
      md5: a2e57166454f332f2bf7d00ac87b00f6
      size: 1023
    - path: src/train_pytorch.py
      hash: md5
      md5: 41ca1a14e1e9ab5f709b02c0c38ea5a9
      size: 4240
    outs:
    - path: models/pytorch_model.pkl
      hash: md5
      md5: 2da9554be098554a322bb59a91748243
      size: 50851
