schema: '2.0'
stages:
  preprocess:
    cmd: python src/data_preprocessing.py
    deps:
    - path: data/raw/Fraud_data.csv
      hash: md5
      md5: bf689f17386a40dd4be900e76db7daef
      size: 266962
    - path: params.yaml
      hash: md5
      md5: 60b141fb62aa223d35c18d1107416927
      size: 844
    - path: src/data_preprocessing.py
      hash: md5
      md5: 39c6d19fd5bc9e837458a6a745847a90
      size: 2681
    outs:
    - path: data/processed/fraud_data_processed.csv
      hash: md5
      md5: 168bc66e10108690c75d3ba8ea4a9992
      size: 575703
  train_rf:
    cmd: python src/train_rf.py
    deps:
    - path: data/processed/Fraud_data_processed.csv
      hash: md5
      md5: 168bc66e10108690c75d3ba8ea4a9992
      size: 575703
    - path: params.yaml
      hash: md5
      md5: 60b141fb62aa223d35c18d1107416927
      size: 844
    - path: src/mlflow_tracking.py
      hash: md5
      md5: d34359a3caa0fcda85d4d1a6021dd7e5
      size: 1606
    - path: src/train_rf.py
      hash: md5
      md5: bfd42922a8601f517f8bbd8d2a3432ba
      size: 3555
    outs:
    - path: models/rf_model.pkl
      hash: md5
      md5: 3b4211af2417534a899f3d2fc2e2d90c
      size: 1471706
  evaluate_rf:
    cmd: python src/evaluate_rf.py
    deps:
    - path: data/processed/fraud_data_processed.csv
      hash: md5
      md5: 168bc66e10108690c75d3ba8ea4a9992
      size: 575703
    - path: models/rf_model.pkl
      hash: md5
      md5: 3b4211af2417534a899f3d2fc2e2d90c
      size: 1471706
    - path: src/evaluate_rf.py
      hash: md5
      md5: f8c088de657cc6fc03af406c4aa0481a
      size: 3466
    outs:
    - path: metrics/rf_metrics.json
      hash: md5
      md5: d8ee78a42d07bb78f31e041cb8ee3c6d
      size: 474
  train_dl:
    cmd: python src/train_dl.py
    deps:
    - path: data/processed/fraud_data_processed.csv
      hash: md5
      md5: 168bc66e10108690c75d3ba8ea4a9992
      size: 575703
    - path: params.yaml
      hash: md5
      md5: 60b141fb62aa223d35c18d1107416927
      size: 844
    - path: src/mlflow_tracking.py
      hash: md5
      md5: d34359a3caa0fcda85d4d1a6021dd7e5
      size: 1606
    - path: src/train_dl.py
      hash: md5
      md5: 154ebef32cc6d8b1e8d1036fb65e34d9
      size: 2773
    outs:
    - path: models/dl_model.pkl
      hash: md5
      md5: 5e2e40a871ed75d5963f006b8ea95265
      size: 172119
  evaluate_dl:
    cmd: python src/evaluate_dl.py
    deps:
    - path: data/processed/fraud_data_processed.csv
      hash: md5
      md5: 168bc66e10108690c75d3ba8ea4a9992
      size: 575703
    - path: models/dl_model.pkl
      hash: md5
      md5: 5e2e40a871ed75d5963f006b8ea95265
      size: 172119
    - path: src/evaluate_dl.py
      hash: md5
      md5: aa8e9126bb6f78c5a89cf7cd91d6d2b7
      size: 4263
    outs:
    - path: metrics/dl_evaluation_report.json
      hash: md5
      md5: 1f94fcebc6370ee6f3d1596a32f479fd
      size: 167
